
Microsoft Visual Studio Solution File, Format Version 12.00
# Visual Studio Version 17
VisualStudioVersion = 17.6.33712.159
MinimumVisualStudioVersion = 10.0.40219.1
Project("{FAE04EC0-301F-11D3-BF4B-00C04F79EFBC}") = "ATM_Windows_Form", "ATM_Final\ATM_Windows_Form.csproj", "{26608301-AFC8-4C82-B101-88A021EB973C}"
EndProject
Global
	GlobalSection(SolutionConfigurationPlatforms) = preSolution
		Debug|Any CPU = Debug|Any CPU
		Release|Any CPU = Release|Any CPU
	EndGlobalSection
	GlobalSection(ProjectConfigurationPlatforms) = postSolution
		{26608301-AFC8-4C82-B101-88A021EB973C}.Debug|Any CPU.ActiveCfg = Debug|Any CPU
		{26608301-AFC8-4C82-B101-88A021EB973C}.Debug|Any CPU.Build.0 = Debug|Any CPU
		{26608301-AFC8-4C82-B101-88A021EB973C}.Release|Any CPU.ActiveCfg = Release|Any CPU
		{26608301-AFC8-4C82-B101-88A021EB973C}.Release|Any CPU.Build.0 = Release|Any CPU
	EndGlobalSection
	GlobalSection(SolutionProperties) = preSolution
		HideSolutionNode = FALSE
	EndGlobalSection
	GlobalSection(ExtensibilityGlobals) = postSolution
		SolutionGuid = {865C9CCC-CA1C-4559-BDA0-0576C2CAA2DC}
	EndGlobalSection
EndGlobal
